
Microsoft Visual Studio Solution File, Format Version 12.00
# Visual Studio Version 17
VisualStudioVersion = 17.4.33213.308
MinimumVisualStudioVersion = 10.0.40219.1
Project("{FAE04EC0-301F-11D3-BF4B-00C04F79EFBC}") = "eTickets", "eTickets\eTickets.csproj", "{303047A0-5A2E-466F-98D2-2AE6B5FF3309}"
EndProject
Global
	GlobalSection(SolutionConfigurationPlatforms) = preSolution
		Debug|Any CPU = Debug|Any CPU
		Release|Any CPU = Release|Any CPU
	EndGlobalSection
	GlobalSection(ProjectConfigurationPlatforms) = postSolution
		{303047A0-5A2E-466F-98D2-2AE6B5FF3309}.Debug|Any CPU.ActiveCfg = Debug|Any CPU
		{303047A0-5A2E-466F-98D2-2AE6B5FF3309}.Debug|Any CPU.Build.0 = Debug|Any CPU
		{303047A0-5A2E-466F-98D2-2AE6B5FF3309}.Release|Any CPU.ActiveCfg = Release|Any CPU
		{303047A0-5A2E-466F-98D2-2AE6B5FF3309}.Release|Any CPU.Build.0 = Release|Any CPU
	EndGlobalSection
	GlobalSection(SolutionProperties) = preSolution
		HideSolutionNode = FALSE
	EndGlobalSection
	GlobalSection(ExtensibilityGlobals) = postSolution
		SolutionGuid = {650B7C58-42B1-4236-9394-B4061E084AFA}
	EndGlobalSection
EndGlobal
